{
  "name": "sentinel",
  "version": "1.0.0",
  "lockfileVersion": 3,
  "requires": true,
  "packages": {
    "": {
      "name": "sentinel",
      "version": "1.0.0",
      "license": "ISC",
      "dependencies": {
        "@kusto/language-service-next": "^12.3.2"
      }
    },
    "node_modules/@kusto/language-service-next": {
      "version": "12.3.2",
      "resolved": "https://registry.npmjs.org/@kusto/language-service-next/-/language-service-next-12.3.2.tgz",
      "integrity": "sha512-woTAFEFaDdrsIk1xGtEX1FgRkKLkptKyhDSWkBAjkGujXPDWDImNFwldyONYVFDL14jAFapwwxgTB4bip1GXUg==",
      "license": "MIT"
    }
  }
}
